
Microsoft Visual Studio Solution File, Format Version 12.00
# Visual Studio Version 17
VisualStudioVersion = 17.1.32210.238
MinimumVisualStudioVersion = 10.0.40219.1
Project("{FAE04EC0-301F-11D3-BF4B-00C04F79EFBC}") = "Konia.TaskManager", "Konia.TaskManager\Konia.TaskManager.csproj", "{70B82FA1-F8EE-4F3D-B171-352CFD218BEF}"
EndProject
Global
	GlobalSection(SolutionConfigurationPlatforms) = preSolution
		Debug|Any CPU = Debug|Any CPU
		Release|Any CPU = Release|Any CPU
	EndGlobalSection
	GlobalSection(ProjectConfigurationPlatforms) = postSolution
		{70B82FA1-F8EE-4F3D-B171-352CFD218BEF}.Debug|Any CPU.ActiveCfg = Debug|Any CPU
		{70B82FA1-F8EE-4F3D-B171-352CFD218BEF}.Debug|Any CPU.Build.0 = Debug|Any CPU
		{70B82FA1-F8EE-4F3D-B171-352CFD218BEF}.Release|Any CPU.ActiveCfg = Release|Any CPU
		{70B82FA1-F8EE-4F3D-B171-352CFD218BEF}.Release|Any CPU.Build.0 = Release|Any CPU
	EndGlobalSection
	GlobalSection(SolutionProperties) = preSolution
		HideSolutionNode = FALSE
	EndGlobalSection
	GlobalSection(ExtensibilityGlobals) = postSolution
		SolutionGuid = {A0EC95DC-99B6-4494-AB71-9CD8A8280524}
	EndGlobalSection
EndGlobal
